
Microsoft Visual Studio Solution File, Format Version 12.00
# Visual Studio Version 17
VisualStudioVersion = 17.1.32421.90
MinimumVisualStudioVersion = 10.0.40219.1
Project("{9A19103F-16F7-4668-BE54-9A1E7A4F7556}") = "DataProcessor", "DataProcessor\DataProcessor.csproj", "{B5A0DF00-7377-46BD-9D9D-C5FF3AF7DC5F}"
EndProject
Project("{2150E333-8FDC-42A3-9474-1A3956D46DE8}") = "Solution Items", "Solution Items", "{039C7FFE-580E-494D-8DDA-2A4D2EBABA39}"
	ProjectSection(SolutionItems) = preProject
		.gitignore = .gitignore
		README.md = README.md
	EndProjectSection
EndProject
Global
	GlobalSection(SolutionConfigurationPlatforms) = preSolution
		Debug|Any CPU = Debug|Any CPU
		Release|Any CPU = Release|Any CPU
	EndGlobalSection
	GlobalSection(ProjectConfigurationPlatforms) = postSolution
		{B5A0DF00-7377-46BD-9D9D-C5FF3AF7DC5F}.Debug|Any CPU.ActiveCfg = Debug|Any CPU
		{B5A0DF00-7377-46BD-9D9D-C5FF3AF7DC5F}.Debug|Any CPU.Build.0 = Debug|Any CPU
		{B5A0DF00-7377-46BD-9D9D-C5FF3AF7DC5F}.Release|Any CPU.ActiveCfg = Release|Any CPU
		{B5A0DF00-7377-46BD-9D9D-C5FF3AF7DC5F}.Release|Any CPU.Build.0 = Release|Any CPU
	EndGlobalSection
	GlobalSection(SolutionProperties) = preSolution
		HideSolutionNode = FALSE
	EndGlobalSection
	GlobalSection(ExtensibilityGlobals) = postSolution
		SolutionGuid = {83EB1EB6-CCDA-44C1-A3C4-FF268FAA3699}
	EndGlobalSection
EndGlobal
